// !$*UTF8*$!
{
	archiveVersion = 1;
	classes = {
	};
	objectVersion = 56;
	objects = {

/* Begin PBXBuildFile section */
		29CA75B1299892F000A62ED4 /* AppDelegate.m in Sources */ = {isa = PBXBuildFile; fileRef = 29CA75B0299892F000A62ED4 /* AppDelegate.m */; };
		29CA75B4299892F000A62ED4 /* SceneDelegate.m in Sources */ = {isa = PBXBuildFile; fileRef = 29CA75B3299892F000A62ED4 /* SceneDelegate.m */; };
		29CA75B7299892F000A62ED4 /* ViewController.m in Sources */ = {isa = PBXBuildFile; fileRef = 29CA75B6299892F000A62ED4 /* ViewController.m */; };
		29CA75BA299892F000A62ED4 /* Main.storyboard in Resources */ = {isa = PBXBuildFile; fileRef = 29CA75B8299892F000A62ED4 /* Main.storyboard */; };
		29CA75BC299892F200A62ED4 /* Assets.xcassets in Resources */ = {isa = PBXBuildFile; fileRef = 29CA75BB299892F200A62ED4 /* Assets.xcassets */; };
		29CA75BF299892F200A62ED4 /* LaunchScreen.storyboard in Resources */ = {isa = PBXBuildFile; fileRef = 29CA75BD299892F200A62ED4 /* LaunchScreen.storyboard */; };
		29CA75C2299892F200A62ED4 /* main.m in Sources */ = {isa = PBXBuildFile; fileRef = 29CA75C1299892F200A62ED4 /* main.m */; };
		29CA75CA2998935B00A62ED4 /* EncryptionTools.m in Sources */ = {isa = PBXBuildFile; fileRef = 29CA75C92998935B00A62ED4 /* EncryptionTools.m */; };
		29CA75CE2998966800A62ED4 /* TokenInfo.m in Sources */ = {isa = PBXBuildFile; fileRef = 29CA75CD2998966800A62ED4 /* TokenInfo.m */; };
/* End PBXBuildFile section */

/* Begin PBXFileReference section */
		29CA75AC299892F000A62ED4 /* encryption_algorithm.app */ = {isa = PBXFileReference; explicitFileType = wrapper.application; includeInIndex = 0; path = encryption_algorithm.app; sourceTree = BUILT_PRODUCTS_DIR; };
		29CA75AF299892F000A62ED4 /* AppDelegate.h */ = {isa = PBXFileReference; lastKnownFileType = sourcecode.c.h; path = AppDelegate.h; sourceTree = "<group>"; };
		29CA75B0299892F000A62ED4 /* AppDelegate.m */ = {isa = PBXFileReference; lastKnownFileType = sourcecode.c.objc; path = AppDelegate.m; sourceTree = "<group>"; };
		29CA75B2299892F000A62ED4 /* SceneDelegate.h */ = {isa = PBXFileReference; lastKnownFileType = sourcecode.c.h; path = SceneDelegate.h; sourceTree = "<group>"; };
		29CA75B3299892F000A62ED4 /* SceneDelegate.m */ = {isa = PBXFileReference; lastKnownFileType = sourcecode.c.objc; path = SceneDelegate.m; sourceTree = "<group>"; };
		29CA75B5299892F000A62ED4 /* ViewController.h */ = {isa = PBXFileReference; lastKnownFileType = sourcecode.c.h; path = ViewController.h; sourceTree = "<group>"; };
		29CA75B6299892F000A62ED4 /* ViewController.m */ = {isa = PBXFileReference; lastKnownFileType = sourcecode.c.objc; path = ViewController.m; sourceTree = "<group>"; };
		29CA75B9299892F000A62ED4 /* Base */ = {isa = PBXFileReference; lastKnownFileType = file.storyboard; name = Base; path = Base.lproj/Main.storyboard; sourceTree = "<group>"; };
		29CA75BB299892F200A62ED4 /* Assets.xcassets */ = {isa = PBXFileReference; lastKnownFileType = folder.assetcatalog; path = Assets.xcassets; sourceTree = "<group>"; };
		29CA75BE299892F200A62ED4 /* Base */ = {isa = PBXFileReference; lastKnownFileType = file.storyboard; name = Base; path = Base.lproj/LaunchScreen.storyboard; sourceTree = "<group>"; };
		29CA75C0299892F200A62ED4 /* Info.plist */ = {isa = PBXFileReference; lastKnownFileType = text.plist.xml; path = Info.plist; sourceTree = "<group>"; };
		29CA75C1299892F200A62ED4 /* main.m */ = {isa = PBXFileReference; lastKnownFileType = sourcecode.c.objc; path = main.m; sourceTree = "<group>"; };
		29CA75C82998935B00A62ED4 /* EncryptionTools.h */ = {isa = PBXFileReference; lastKnownFileType = sourcecode.c.h; path = EncryptionTools.h; sourceTree = "<group>"; };
		29CA75C92998935B00A62ED4 /* EncryptionTools.m */ = {isa = PBXFileReference; lastKnownFileType = sourcecode.c.objc; path = EncryptionTools.m; sourceTree = "<group>"; };
		29CA75CB299894B100A62ED4 /* PrefixHeader.pch */ = {isa = PBXFileReference; lastKnownFileType = sourcecode.c.h; path = PrefixHeader.pch; sourceTree = "<group>"; };
		29CA75CC2998966800A62ED4 /* TokenInfo.h */ = {isa = PBXFileReference; lastKnownFileType = sourcecode.c.h; path = TokenInfo.h; sourceTree = "<group>"; };
		29CA75CD2998966800A62ED4 /* TokenInfo.m */ = {isa = PBXFileReference; lastKnownFileType = sourcecode.c.objc; path = TokenInfo.m; sourceTree = "<group>"; };
		29CA75D029989B5500A62ED4 /* Accelerate.framework */ = {isa = PBXFileReference; lastKnownFileType = wrapper.framework; name = Accelerate.framework; path = System/Library/Frameworks/Accelerate.framework; sourceTree = SDKROOT; };
/* End PBXFileReference section */

/* Begin PBXFrameworksBuildPhase section */
		29CA75A9299892F000A62ED4 /* Frameworks */ = {
			isa = PBXFrameworksBuildPhase;
			buildActionMask = 2147483647;
			files = (
			);
			runOnlyForDeploymentPostprocessing = 0;
		};
/* End PBXFrameworksBuildPhase section */

/* Begin PBXGroup section */
		29CA75A3299892F000A62ED4 = {
			isa = PBXGroup;
			children = (
				29CA75AE299892F000A62ED4 /* encryption_algorithm */,
				29CA75AD299892F000A62ED4 /* Products */,
				29CA75CF29989B5400A62ED4 /* Frameworks */,
			);
			sourceTree = "<group>";
		};
		29CA75AD299892F000A62ED4 /* Products */ = {
			isa = PBXGroup;
			children = (
				29CA75AC299892F000A62ED4 /* encryption_algorithm.app */,
			);
			name = Products;
			sourceTree = "<group>";
		};
		29CA75AE299892F000A62ED4 /* encryption_algorithm */ = {
			isa = PBXGroup;
			children = (
				29CA75C82998935B00A62ED4 /* EncryptionTools.h */,
				29CA75C92998935B00A62ED4 /* EncryptionTools.m */,
				29CA75AF299892F000A62ED4 /* AppDelegate.h */,
				29CA75B0299892F000A62ED4 /* AppDelegate.m */,
				29CA75B2299892F000A62ED4 /* SceneDelegate.h */,
				29CA75B3299892F000A62ED4 /* SceneDelegate.m */,
				29CA75B5299892F000A62ED4 /* ViewController.h */,
				29CA75B6299892F000A62ED4 /* ViewController.m */,
				29CA75CC2998966800A62ED4 /* TokenInfo.h */,
				29CA75CD2998966800A62ED4 /* TokenInfo.m */,
				29CA75CB299894B100A62ED4 /* PrefixHeader.pch */,
				29CA75B8299892F000A62ED4 /* Main.storyboard */,
				29CA75BB299892F200A62ED4 /* Assets.xcassets */,
				29CA75BD299892F200A62ED4 /* LaunchScreen.storyboard */,
				29CA75C0299892F200A62ED4 /* Info.plist */,
				29CA75C1299892F200A62ED4 /* main.m */,
			);
			path = encryption_algorithm;
			sourceTree = "<group>";
		};
		29CA75CF29989B5400A62ED4 /* Frameworks */ = {
			isa = PBXGroup;
			children = (
				29CA75D029989B5500A62ED4 /* Accelerate.framework */,
			);
			name = Frameworks;
			sourceTree = "<group>";
		};
/* End PBXGroup section */

/* Begin PBXNativeTarget section */
		29CA75AB299892F000A62ED4 /* encryption_algorithm */ = {
			isa = PBXNativeTarget;
			buildConfigurationList = 29CA75C5299892F200A62ED4 /* Build configuration list for PBXNativeTarget "encryption_algorithm" */;
			buildPhases = (
				29CA75A8299892F000A62ED4 /* Sources */,
				29CA75A9299892F000A62ED4 /* Frameworks */,
				29CA75AA299892F000A62ED4 /* Resources */,
			);
			buildRules = (
			);
			dependencies = (
			);
			name = encryption_algorithm;
			productName = encryption_algorithm;
			productReference = 29CA75AC299892F000A62ED4 /* encryption_algorithm.app */;
			productType = "com.apple.product-type.application";
		};
/* End PBXNativeTarget section */

/* Begin PBXProject section */
		29CA75A4299892F000A62ED4 /* Project object */ = {
			isa = PBXProject;
			attributes = {
				BuildIndependentTargetsInParallel = 1;
				LastUpgradeCheck = 1410;
				TargetAttributes = {
					29CA75AB299892F000A62ED4 = {
						CreatedOnToolsVersion = 14.1;
					};
				};
			};
			buildConfigurationList = 29CA75A7299892F000A62ED4 /* Build configuration list for PBXProject "encryption_algorithm" */;
			compatibilityVersion = "Xcode 14.0";
			developmentRegion = en;
			hasScannedForEncodings = 0;
			knownRegions = (
				en,
				Base,
			);
			mainGroup = 29CA75A3299892F000A62ED4;
			productRefGroup = 29CA75AD299892F000A62ED4 /* Products */;
			projectDirPath = "";
			projectRoot = "";
			targets = (
				29CA75AB299892F000A62ED4 /* encryption_algorithm */,
			);
		};
/* End PBXProject section */

/* Begin PBXResourcesBuildPhase section */
		29CA75AA299892F000A62ED4 /* Resources */ = {
			isa = PBXResourcesBuildPhase;
			buildActionMask = 2147483647;
			files = (
				29CA75BF299892F200A62ED4 /* LaunchScreen.storyboard in Resources */,
				29CA75BC299892F200A62ED4 /* Assets.xcassets in Resources */,
				29CA75BA299892F000A62ED4 /* Main.storyboard in Resources */,
			);
			runOnlyForDeploymentPostprocessing = 0;
		};
/* End PBXResourcesBuildPhase section */

/* Begin PBXSourcesBuildPhase section */
		29CA75A8299892F000A62ED4 /* Sources */ = {
			isa = PBXSourcesBuildPhase;
			buildActionMask = 2147483647;
			files = (
				29CA75B7299892F000A62ED4 /* ViewController.m in Sources */,
				29CA75B1299892F000A62ED4 /* AppDelegate.m in Sources */,
				29CA75CA2998935B00A62ED4 /* EncryptionTools.m in Sources */,
				29CA75CE2998966800A62ED4 /* TokenInfo.m in Sources */,
				29CA75C2299892F200A62ED4 /* main.m in Sources */,
				29CA75B4299892F000A62ED4 /* SceneDelegate.m in Sources */,
			);
			runOnlyForDeploymentPostprocessing = 0;
		};
/* End PBXSourcesBuildPhase section */

/* Begin PBXVariantGroup section */
		29CA75B8299892F000A62ED4 /* Main.storyboard */ = {
			isa = PBXVariantGroup;
			children = (
				29CA75B9299892F000A62ED4 /* Base */,
			);
			name = Main.storyboard;
			sourceTree = "<group>";
		};
		29CA75BD299892F200A62ED4 /* LaunchScreen.storyboard */ = {
			isa = PBXVariantGroup;
			children = (
				29CA75BE299892F200A62ED4 /* Base */,
			);
			name = LaunchScreen.storyboard;
			sourceTree = "<group>";
		};
/* End PBXVariantGroup section */

/* Begin XCBuildConfiguration section */
		29CA75C3299892F200A62ED4 /* Debug */ = {
			isa = XCBuildConfiguration;
			buildSettings = {
				ALWAYS_SEARCH_USER_PATHS = NO;
				CLANG_ANALYZER_NONNULL = YES;
				CLANG_ANALYZER_NUMBER_OBJECT_CONVERSION = YES_AGGRESSIVE;
				CLANG_CXX_LANGUAGE_STANDARD = "gnu++20";
				CLANG_ENABLE_MODULES = YES;
				CLANG_ENABLE_OBJC_ARC = YES;
				CLANG_ENABLE_OBJC_WEAK = YES;
				CLANG_WARN_BLOCK_CAPTURE_AUTORELEASING = YES;
				CLANG_WARN_BOOL_CONVERSION = YES;
				CLANG_WARN_COMMA = YES;
				CLANG_WARN_CONSTANT_CONVERSION = YES;
				CLANG_WARN_DEPRECATED_OBJC_IMPLEMENTATIONS = YES;
				CLANG_WARN_DIRECT_OBJC_ISA_USAGE = YES_ERROR;
				CLANG_WARN_DOCUMENTATION_COMMENTS = YES;
				CLANG_WARN_EMPTY_BODY = YES;
				CLANG_WARN_ENUM_CONVERSION = YES;
				CLANG_WARN_INFINITE_RECURSION = YES;
				CLANG_WARN_INT_CONVERSION = YES;
				CLANG_WARN_NON_LITERAL_NULL_CONVERSION = YES;
				CLANG_WARN_OBJC_IMPLICIT_RETAIN_SELF = YES;
				CLANG_WARN_OBJC_LITERAL_CONVERSION = YES;
				CLANG_WARN_OBJC_ROOT_CLASS = YES_ERROR;
				CLANG_WARN_QUOTED_INCLUDE_IN_FRAMEWORK_HEADER = YES;
				CLANG_WARN_RANGE_LOOP_ANALYSIS = YES;
				CLANG_WARN_STRICT_PROTOTYPES = YES;
				CLANG_WARN_SUSPICIOUS_MOVE = YES;
				CLANG_WARN_UNGUARDED_AVAILABILITY = YES_AGGRESSIVE;
				CLANG_WARN_UNREACHABLE_CODE = YES;
				CLANG_WARN__DUPLICATE_METHOD_MATCH = YES;
				COPY_PHASE_STRIP = NO;
				DEBUG_INFORMATION_FORMAT = dwarf;
				ENABLE_STRICT_OBJC_MSGSEND = YES;
				ENABLE_TESTABILITY = YES;
				GCC_C_LANGUAGE_STANDARD = gnu11;
				GCC_DYNAMIC_NO_PIC = NO;
				GCC_NO_COMMON_BLOCKS = YES;
				GCC_OPTIMIZATION_LEVEL = 0;
				GCC_PREFIX_HEADER = "./001--UserInfoDemo/PrefixHeader.pch";
				GCC_PREPROCESSOR_DEFINITIONS = (
					"DEBUG=1",
					"$(inherited)",
				);
				GCC_WARN_64_TO_32_BIT_CONVERSION = YES;
				GCC_WARN_ABOUT_RETURN_TYPE = YES_ERROR;
				GCC_WARN_UNDECLARED_SELECTOR = YES;
				GCC_WARN_UNINITIALIZED_AUTOS = YES_AGGRESSIVE;
				GCC_WARN_UNUSED_FUNCTION = YES;
				GCC_WARN_UNUSED_VARIABLE = YES;
				IPHONEOS_DEPLOYMENT_TARGET = 16.1;
				MTL_ENABLE_DEBUG_INFO = INCLUDE_SOURCE;
				MTL_FAST_MATH = YES;
				ONLY_ACTIVE_ARCH = YES;
				SDKROOT = iphoneos;
			};
			name = Debug;
		};
		29CA75C4299892F200A62ED4 /* Release */ = {
			isa = XCBuildConfiguration;
			buildSettings = {
				ALWAYS_SEARCH_USER_PATHS = NO;
				CLANG_ANALYZER_NONNULL = YES;
				CLANG_ANALYZER_NUMBER_OBJECT_CONVERSION = YES_AGGRESSIVE;
				CLANG_CXX_LANGUAGE_STANDARD = "gnu++20";
				CLANG_ENABLE_MODULES = YES;
				CLANG_ENABLE_OBJC_ARC = YES;
				CLANG_ENABLE_OBJC_WEAK = YES;
				CLANG_WARN_BLOCK_CAPTURE_AUTORELEASING = YES;
				CLANG_WARN_BOOL_CONVERSION = YES;
				CLANG_WARN_COMMA = YES;
				CLANG_WARN_CONSTANT_CONVERSION = YES;
				CLANG_WARN_DEPRECATED_OBJC_IMPLEMENTATIONS = YES;
				CLANG_WARN_DIRECT_OBJC_ISA_USAGE = YES_ERROR;
				CLANG_WARN_DOCUMENTATION_COMMENTS = YES;
				CLANG_WARN_EMPTY_BODY = YES;
				CLANG_WARN_ENUM_CONVERSION = YES;
				CLANG_WARN_INFINITE_RECURSION = YES;
				CLANG_WARN_INT_CONVERSION = YES;
				CLANG_WARN_NON_LITERAL_NULL_CONVERSION = YES;
				CLANG_WARN_OBJC_IMPLICIT_RETAIN_SELF = YES;
				CLANG_WARN_OBJC_LITERAL_CONVERSION = YES;
				CLANG_WARN_OBJC_ROOT_CLASS = YES_ERROR;
				CLANG_WARN_QUOTED_INCLUDE_IN_FRAMEWORK_HEADER = YES;
				CLANG_WARN_RANGE_LOOP_ANALYSIS = YES;
				CLANG_WARN_STRICT_PROTOTYPES = YES;
				CLANG_WARN_SUSPICIOUS_MOVE = YES;
				CLANG_WARN_UNGUARDED_AVAILABILITY = YES_AGGRESSIVE;
				CLANG_WARN_UNREACHABLE_CODE = YES;
				CLANG_WARN__DUPLICATE_METHOD_MATCH = YES;
				COPY_PHASE_STRIP = NO;
				DEBUG_INFORMATION_FORMAT = "dwarf-with-dsym";
				ENABLE_NS_ASSERTIONS = NO;
				ENABLE_STRICT_OBJC_MSGSEND = YES;
				GCC_C_LANGUAGE_STANDARD = gnu11;
				GCC_NO_COMMON_BLOCKS = YES;
				GCC_PREFIX_HEADER = "./001--UserInfoDemo/PrefixHeader.pch";
				GCC_WARN_64_TO_32_BIT_CONVERSION = YES;
				GCC_WARN_ABOUT_RETURN_TYPE = YES_ERROR;
				GCC_WARN_UNDECLARED_SELECTOR = YES;
				GCC_WARN_UNINITIALIZED_AUTOS = YES_AGGRESSIVE;
				GCC_WARN_UNUSED_FUNCTION = YES;
				GCC_WARN_UNUSED_VARIABLE = YES;
				IPHONEOS_DEPLOYMENT_TARGET = 16.1;
				MTL_ENABLE_DEBUG_INFO = NO;
				MTL_FAST_MATH = YES;
				SDKROOT = iphoneos;
				VALIDATE_PRODUCT = YES;
			};
			name = Release;
		};
		29CA75C6299892F200A62ED4 /* Debug */ = {
			isa = XCBuildConfiguration;
			buildSettings = {
				ASSETCATALOG_COMPILER_APPICON_NAME = AppIcon;
				ASSETCATALOG_COMPILER_GLOBAL_ACCENT_COLOR_NAME = AccentColor;
				CODE_SIGN_STYLE = Automatic;
				CURRENT_PROJECT_VERSION = 1;
				DEVELOPMENT_TEAM = SV2V44GTRG;
				GCC_PREFIX_HEADER = ./encryption_algorithm/PrefixHeader.pch;
				GENERATE_INFOPLIST_FILE = YES;
				INFOPLIST_FILE = encryption_algorithm/Info.plist;
				INFOPLIST_KEY_UIApplicationSupportsIndirectInputEvents = YES;
				INFOPLIST_KEY_UILaunchStoryboardName = LaunchScreen;
				INFOPLIST_KEY_UIMainStoryboardFile = Main;
				INFOPLIST_KEY_UISupportedInterfaceOrientations_iPad = "UIInterfaceOrientationPortrait UIInterfaceOrientationPortraitUpsideDown UIInterfaceOrientationLandscapeLeft UIInterfaceOrientationLandscapeRight";
				INFOPLIST_KEY_UISupportedInterfaceOrientations_iPhone = "UIInterfaceOrientationPortrait UIInterfaceOrientationLandscapeLeft UIInterfaceOrientationLandscapeRight";
				IPHONEOS_DEPLOYMENT_TARGET = 14.0;
				LD_RUNPATH_SEARCH_PATHS = (
					"$(inherited)",
					"@executable_path/Frameworks",
				);
				MARKETING_VERSION = 1.0;
				PRODUCT_BUNDLE_IDENTIFIER = "soco.encryption-algorithm";
				PRODUCT_NAME = "$(TARGET_NAME)";
				SWIFT_EMIT_LOC_STRINGS = YES;
				TARGETED_DEVICE_FAMILY = "1,2";
			};
			name = Debug;
		};
		29CA75C7299892F200A62ED4 /* Release */ = {
			isa = XCBuildConfiguration;
			buildSettings = {
				ASSETCATALOG_COMPILER_APPICON_NAME = AppIcon;
				ASSETCATALOG_COMPILER_GLOBAL_ACCENT_COLOR_NAME = AccentColor;
				CODE_SIGN_STYLE = Automatic;
				CURRENT_PROJECT_VERSION = 1;
				DEVELOPMENT_TEAM = SV2V44GTRG;
				GCC_PREFIX_HEADER = ./encryption_algorithm/PrefixHeader.pch;
				GENERATE_INFOPLIST_FILE = YES;
				INFOPLIST_FILE = encryption_algorithm/Info.plist;
				INFOPLIST_KEY_UIApplicationSupportsIndirectInputEvents = YES;
				INFOPLIST_KEY_UILaunchStoryboardName = LaunchScreen;
				INFOPLIST_KEY_UIMainStoryboardFile = Main;
				INFOPLIST_KEY_UISupportedInterfaceOrientations_iPad = "UIInterfaceOrientationPortrait UIInterfaceOrientationPortraitUpsideDown UIInterfaceOrientationLandscapeLeft UIInterfaceOrientationLandscapeRight";
				INFOPLIST_KEY_UISupportedInterfaceOrientations_iPhone = "UIInterfaceOrientationPortrait UIInterfaceOrientationLandscapeLeft UIInterfaceOrientationLandscapeRight";
				IPHONEOS_DEPLOYMENT_TARGET = 14.0;
				LD_RUNPATH_SEARCH_PATHS = (
					"$(inherited)",
					"@executable_path/Frameworks",
				);
				MARKETING_VERSION = 1.0;
				PRODUCT_BUNDLE_IDENTIFIER = "soco.encryption-algorithm";
				PRODUCT_NAME = "$(TARGET_NAME)";
				SWIFT_EMIT_LOC_STRINGS = YES;
				TARGETED_DEVICE_FAMILY = "1,2";
			};
			name = Release;
		};
/* End XCBuildConfiguration section */

/* Begin XCConfigurationList section */
		29CA75A7299892F000A62ED4 /* Build configuration list for PBXProject "encryption_algorithm" */ = {
			isa = XCConfigurationList;
			buildConfigurations = (
				29CA75C3299892F200A62ED4 /* Debug */,
				29CA75C4299892F200A62ED4 /* Release */,
			);
			defaultConfigurationIsVisible = 0;
			defaultConfigurationName = Release;
		};
		29CA75C5299892F200A62ED4 /* Build configuration list for PBXNativeTarget "encryption_algorithm" */ = {
			isa = XCConfigurationList;
			buildConfigurations = (
				29CA75C6299892F200A62ED4 /* Debug */,
				29CA75C7299892F200A62ED4 /* Release */,
			);
			defaultConfigurationIsVisible = 0;
			defaultConfigurationName = Release;
		};
/* End XCConfigurationList section */
	};
	rootObject = 29CA75A4299892F000A62ED4 /* Project object */;
}
